// !$*UTF8*$!
{
	archiveVersion = 1;
	classes = {
	};
	objectVersion = 56;
	objects = {

/* Begin PBXBuildFile section */
		462845402B883561003E40D8 /* GameboardCoreDataDelegate.swift in Sources */ = {isa = PBXBuildFile; fileRef = 4628453F2B883561003E40D8 /* GameboardCoreDataDelegate.swift */; };
		462845422B8839A4003E40D8 /* GameboardCoreDataTranslator.swift in Sources */ = {isa = PBXBuildFile; fileRef = 462845412B8839A4003E40D8 /* GameboardCoreDataTranslator.swift */; };
		462845442B883A3A003E40D8 /* PegCoreDataTranslator.swift in Sources */ = {isa = PBXBuildFile; fileRef = 462845432B883A3A003E40D8 /* PegCoreDataTranslator.swift */; };
		462845462B884872003E40D8 /* PegType.swift in Sources */ = {isa = PBXBuildFile; fileRef = 462845452B884872003E40D8 /* PegType.swift */; };
		4628454A2B886DCF003E40D8 /* LevelDesignerValidatorDelegate.swift in Sources */ = {isa = PBXBuildFile; fileRef = 462845492B886DCF003E40D8 /* LevelDesignerValidatorDelegate.swift */; };
		4628454D2B888FB6003E40D8 /* GameView.swift in Sources */ = {isa = PBXBuildFile; fileRef = 4628454C2B888FB6003E40D8 /* GameView.swift */; };
		462845512B889050003E40D8 /* GameViewModel.swift in Sources */ = {isa = PBXBuildFile; fileRef = 462845502B889050003E40D8 /* GameViewModel.swift */; };
		462845532B889080003E40D8 /* GameEngine.swift in Sources */ = {isa = PBXBuildFile; fileRef = 462845522B889080003E40D8 /* GameEngine.swift */; };
		462845562B88909F003E40D8 /* BallGameObject.swift in Sources */ = {isa = PBXBuildFile; fileRef = 462845552B88909F003E40D8 /* BallGameObject.swift */; };
		4628455A2B889106003E40D8 /* PhysicsEngine.swift in Sources */ = {isa = PBXBuildFile; fileRef = 462845592B889106003E40D8 /* PhysicsEngine.swift */; };
		4628455D2B88913E003E40D8 /* PhysicsObject.swift in Sources */ = {isa = PBXBuildFile; fileRef = 4628455C2B88913E003E40D8 /* PhysicsObject.swift */; };
		4628455F2B889150003E40D8 /* CirclePhysicsObject.swift in Sources */ = {isa = PBXBuildFile; fileRef = 4628455E2B889150003E40D8 /* CirclePhysicsObject.swift */; };
		462845612B889161003E40D8 /* LinePhysicsObject.swift in Sources */ = {isa = PBXBuildFile; fileRef = 462845602B889161003E40D8 /* LinePhysicsObject.swift */; };
		462845642B8891A3003E40D8 /* CollisionDelegate.swift in Sources */ = {isa = PBXBuildFile; fileRef = 462845632B8891A3003E40D8 /* CollisionDelegate.swift */; };
		462845662B8891CE003E40D8 /* IntersectorDelegate.swift in Sources */ = {isa = PBXBuildFile; fileRef = 462845652B8891CE003E40D8 /* IntersectorDelegate.swift */; };
		4628456B2B891BB1003E40D8 /* GameData.xcdatamodeld in Sources */ = {isa = PBXBuildFile; fileRef = 462845692B891BB1003E40D8 /* GameData.xcdatamodeld */; };
		464192C32B8375330098F746 /* PeggleCloneApp.swift in Sources */ = {isa = PBXBuildFile; fileRef = 464192C22B8375330098F746 /* PeggleCloneApp.swift */; };
		464192C72B8375340098F746 /* Assets.xcassets in Resources */ = {isa = PBXBuildFile; fileRef = 464192C62B8375340098F746 /* Assets.xcassets */; };
		464192CA2B8375340098F746 /* Preview Assets.xcassets in Resources */ = {isa = PBXBuildFile; fileRef = 464192C92B8375340098F746 /* Preview Assets.xcassets */; };
		464192D42B8375340098F746 /* PeggleCloneTests.swift in Sources */ = {isa = PBXBuildFile; fileRef = 464192D32B8375340098F746 /* PeggleCloneTests.swift */; };
		464B06AA2B89D14100DD1A95 /* MainView.swift in Sources */ = {isa = PBXBuildFile; fileRef = 464B06A92B89D14100DD1A95 /* MainView.swift */; };
		464B06AC2B89E09900DD1A95 /* LevelSelectorView.swift in Sources */ = {isa = PBXBuildFile; fileRef = 464B06AB2B89E09900DD1A95 /* LevelSelectorView.swift */; };
		464B06AE2B8A39FD00DD1A95 /* LevelSelectorViewModel.swift in Sources */ = {isa = PBXBuildFile; fileRef = 464B06AD2B8A39FD00DD1A95 /* LevelSelectorViewModel.swift */; };
		464B06B02B8AE59E00DD1A95 /* Block.swift in Sources */ = {isa = PBXBuildFile; fileRef = 464B06AF2B8AE59E00DD1A95 /* Block.swift */; };
		466371462B91CBC900230A87 /* Utils.swift in Sources */ = {isa = PBXBuildFile; fileRef = 466371452B91CBC900230A87 /* Utils.swift */; };
		4698C5142B90A5BE00BB396B /* PegGameObject.swift in Sources */ = {isa = PBXBuildFile; fileRef = 4698C5132B90A5BE00BB396B /* PegGameObject.swift */; };
		4698C5162B90A5E600BB396B /* NormalPegGameObject.swift in Sources */ = {isa = PBXBuildFile; fileRef = 4698C5152B90A5E600BB396B /* NormalPegGameObject.swift */; };
		4698C5182B90A71B00BB396B /* GoalPegGameObject.swift in Sources */ = {isa = PBXBuildFile; fileRef = 4698C5172B90A71B00BB396B /* GoalPegGameObject.swift */; };
		4698C51A2B90A7D700BB396B /* KaboomPegGameObject.swift in Sources */ = {isa = PBXBuildFile; fileRef = 4698C5192B90A7D700BB396B /* KaboomPegGameObject.swift */; };
		4698C51C2B90A8DF00BB396B /* SpookyPegGameObject.swift in Sources */ = {isa = PBXBuildFile; fileRef = 4698C51B2B90A8DF00BB396B /* SpookyPegGameObject.swift */; };
		4698C51E2B90A90500BB396B /* StubbornPegGameObject.swift in Sources */ = {isa = PBXBuildFile; fileRef = 4698C51D2B90A90500BB396B /* StubbornPegGameObject.swift */; };
		4698C5202B90A93900BB396B /* HealthPegGameObject.swift in Sources */ = {isa = PBXBuildFile; fileRef = 4698C51F2B90A93900BB396B /* HealthPegGameObject.swift */; };
		469C636E2B8F69EE005A3896 /* PreloaderDelegate.swift in Sources */ = {isa = PBXBuildFile; fileRef = 469C636D2B8F69EE005A3896 /* PreloaderDelegate.swift */; };
		46E5A3672B91F00600B255BC /* Sound.swift in Sources */ = {isa = PBXBuildFile; fileRef = 46E5A3662B91F00600B255BC /* Sound.swift */; };
		46E5A3692B91F00D00B255BC /* SoundManager.swift in Sources */ = {isa = PBXBuildFile; fileRef = 46E5A3682B91F00D00B255BC /* SoundManager.swift */; };
		46E5A37B2B921C7600B255BC /* hitstubborn.mp3 in Resources */ = {isa = PBXBuildFile; fileRef = 46E5A36C2B921C7600B255BC /* hitstubborn.mp3 */; };
		46E5A37C2B921C7600B255BC /* spooky.mp3 in Resources */ = {isa = PBXBuildFile; fileRef = 46E5A36D2B921C7600B255BC /* spooky.mp3 */; };
		46E5A37D2B921C7600B255BC /* score.mp3 in Resources */ = {isa = PBXBuildFile; fileRef = 46E5A36E2B921C7600B255BC /* score.mp3 */; };
		46E5A37E2B921C7600B255BC /* lose.mp3 in Resources */ = {isa = PBXBuildFile; fileRef = 46E5A36F2B921C7600B255BC /* lose.mp3 */; };
		46E5A37F2B921C7600B255BC /* hitpeg.mp3 in Resources */ = {isa = PBXBuildFile; fileRef = 46E5A3702B921C7600B255BC /* hitpeg.mp3 */; };
		46E5A3802B921C7600B255BC /* cannon.mp3 in Resources */ = {isa = PBXBuildFile; fileRef = 46E5A3712B921C7600B255BC /* cannon.mp3 */; };
		46E5A3812B921C7600B255BC /* hitblock.mp3 in Resources */ = {isa = PBXBuildFile; fileRef = 46E5A3722B921C7600B255BC /* hitblock.mp3 */; };
		46E5A3822B921C7600B255BC /* game.mp3 in Resources */ = {isa = PBXBuildFile; fileRef = 46E5A3732B921C7600B255BC /* game.mp3 */; };
		46E5A3832B921C7600B255BC /* click.mp3 in Resources */ = {isa = PBXBuildFile; fileRef = 46E5A3742B921C7600B255BC /* click.mp3 */; };
		46E5A3842B921C7600B255BC /* hitwall.mp3 in Resources */ = {isa = PBXBuildFile; fileRef = 46E5A3752B921C7600B255BC /* hitwall.mp3 */; };
		46E5A3852B921C7600B255BC /* rotate.mp3 in Resources */ = {isa = PBXBuildFile; fileRef = 46E5A3762B921C7600B255BC /* rotate.mp3 */; };
		46E5A3862B921C7600B255BC /* win.mp3 in Resources */ = {isa = PBXBuildFile; fileRef = 46E5A3772B921C7600B255BC /* win.mp3 */; };
		46E5A3872B921C7600B255BC /* boom.mp3 in Resources */ = {isa = PBXBuildFile; fileRef = 46E5A3782B921C7600B255BC /* boom.mp3 */; };
		46E5A3882B921C7600B255BC /* main.mp3 in Resources */ = {isa = PBXBuildFile; fileRef = 46E5A3792B921C7600B255BC /* main.mp3 */; };
		46E5A3892B921C7600B255BC /* hitbucket.mp3 in Resources */ = {isa = PBXBuildFile; fileRef = 46E5A37A2B921C7600B255BC /* hitbucket.mp3 */; };
		46F4BAAC2B837A0C00890223 /* Gameboard.swift in Sources */ = {isa = PBXBuildFile; fileRef = 46F4BAAB2B837A0C00890223 /* Gameboard.swift */; };
		46F4BAAE2B837A2700890223 /* Peg.swift in Sources */ = {isa = PBXBuildFile; fileRef = 46F4BAAD2B837A2700890223 /* Peg.swift */; };
		46F4BAB02B837A5500890223 /* CoreDataManager.swift in Sources */ = {isa = PBXBuildFile; fileRef = 46F4BAAF2B837A5500890223 /* CoreDataManager.swift */; };
		46F4BAB42B837AB000890223 /* LevelDesignerViewModel.swift in Sources */ = {isa = PBXBuildFile; fileRef = 46F4BAB32B837AB000890223 /* LevelDesignerViewModel.swift */; };
		46F4BAB72B837AF400890223 /* LevelDesignerActionButtonsView.swift in Sources */ = {isa = PBXBuildFile; fileRef = 46F4BAB62B837AF400890223 /* LevelDesignerActionButtonsView.swift */; };
		46F4BAB92B837B1B00890223 /* LevelDesignerBoardView.swift in Sources */ = {isa = PBXBuildFile; fileRef = 46F4BAB82B837B1B00890223 /* LevelDesignerBoardView.swift */; };
		46F4BABB2B837B3100890223 /* LevelDesignerView.swift in Sources */ = {isa = PBXBuildFile; fileRef = 46F4BABA2B837B3100890223 /* LevelDesignerView.swift */; };
		46F92F372B8C2E0700E81B79 /* BlockGameObject.swift in Sources */ = {isa = PBXBuildFile; fileRef = 46F92F362B8C2E0700E81B79 /* BlockGameObject.swift */; };
		46F92F392B8C352400E81B79 /* RectPhysicsObject.swift in Sources */ = {isa = PBXBuildFile; fileRef = 46F92F382B8C352400E81B79 /* RectPhysicsObject.swift */; };
		46F92F3B2B8C3AE000E81B79 /* BlockCoreDataTranslator.swift in Sources */ = {isa = PBXBuildFile; fileRef = 46F92F3A2B8C3AE000E81B79 /* BlockCoreDataTranslator.swift */; };
		46F92F3F2B8DBE6200E81B79 /* BucketGameObject.swift in Sources */ = {isa = PBXBuildFile; fileRef = 46F92F3E2B8DBE6200E81B79 /* BucketGameObject.swift */; };
		46F92F422B8DF6E600E81B79 /* Kaboom.swift in Sources */ = {isa = PBXBuildFile; fileRef = 46F92F412B8DF6E600E81B79 /* Kaboom.swift */; };
		46F92F442B8DF6F500E81B79 /* Spooky.swift in Sources */ = {isa = PBXBuildFile; fileRef = 46F92F432B8DF6F500E81B79 /* Spooky.swift */; };
		46F92F462B8DFD0400E81B79 /* PowerUp.swift in Sources */ = {isa = PBXBuildFile; fileRef = 46F92F452B8DFD0400E81B79 /* PowerUp.swift */; };
/* End PBXBuildFile section */

/* Begin PBXContainerItemProxy section */
		464192D02B8375340098F746 /* PBXContainerItemProxy */ = {
			isa = PBXContainerItemProxy;
			containerPortal = 464192B72B8375330098F746 /* Project object */;
			proxyType = 1;
			remoteGlobalIDString = 464192BE2B8375330098F746;
			remoteInfo = PeggleClone;
		};
/* End PBXContainerItemProxy section */

/* Begin PBXFileReference section */
		4628453F2B883561003E40D8 /* GameboardCoreDataDelegate.swift */ = {isa = PBXFileReference; lastKnownFileType = sourcecode.swift; path = GameboardCoreDataDelegate.swift; sourceTree = "<group>"; };
		462845412B8839A4003E40D8 /* GameboardCoreDataTranslator.swift */ = {isa = PBXFileReference; lastKnownFileType = sourcecode.swift; path = GameboardCoreDataTranslator.swift; sourceTree = "<group>"; };
		462845432B883A3A003E40D8 /* PegCoreDataTranslator.swift */ = {isa = PBXFileReference; lastKnownFileType = sourcecode.swift; path = PegCoreDataTranslator.swift; sourceTree = "<group>"; };
		462845452B884872003E40D8 /* PegType.swift */ = {isa = PBXFileReference; lastKnownFileType = sourcecode.swift; path = PegType.swift; sourceTree = "<group>"; };
		462845492B886DCF003E40D8 /* LevelDesignerValidatorDelegate.swift */ = {isa = PBXFileReference; lastKnownFileType = sourcecode.swift; path = LevelDesignerValidatorDelegate.swift; sourceTree = "<group>"; };
		4628454C2B888FB6003E40D8 /* GameView.swift */ = {isa = PBXFileReference; lastKnownFileType = sourcecode.swift; path = GameView.swift; sourceTree = "<group>"; };
		462845502B889050003E40D8 /* GameViewModel.swift */ = {isa = PBXFileReference; lastKnownFileType = sourcecode.swift; path = GameViewModel.swift; sourceTree = "<group>"; };
		462845522B889080003E40D8 /* GameEngine.swift */ = {isa = PBXFileReference; lastKnownFileType = sourcecode.swift; path = GameEngine.swift; sourceTree = "<group>"; };
		462845552B88909F003E40D8 /* BallGameObject.swift */ = {isa = PBXFileReference; lastKnownFileType = sourcecode.swift; path = BallGameObject.swift; sourceTree = "<group>"; };
		462845592B889106003E40D8 /* PhysicsEngine.swift */ = {isa = PBXFileReference; lastKnownFileType = sourcecode.swift; path = PhysicsEngine.swift; sourceTree = "<group>"; };
		4628455C2B88913E003E40D8 /* PhysicsObject.swift */ = {isa = PBXFileReference; lastKnownFileType = sourcecode.swift; path = PhysicsObject.swift; sourceTree = "<group>"; };
		4628455E2B889150003E40D8 /* CirclePhysicsObject.swift */ = {isa = PBXFileReference; lastKnownFileType = sourcecode.swift; path = CirclePhysicsObject.swift; sourceTree = "<group>"; };
		462845602B889161003E40D8 /* LinePhysicsObject.swift */ = {isa = PBXFileReference; lastKnownFileType = sourcecode.swift; path = LinePhysicsObject.swift; sourceTree = "<group>"; };
		462845632B8891A3003E40D8 /* CollisionDelegate.swift */ = {isa = PBXFileReference; lastKnownFileType = sourcecode.swift; path = CollisionDelegate.swift; sourceTree = "<group>"; };
		462845652B8891CE003E40D8 /* IntersectorDelegate.swift */ = {isa = PBXFileReference; lastKnownFileType = sourcecode.swift; path = IntersectorDelegate.swift; sourceTree = "<group>"; };
		4628456A2B891BB1003E40D8 /* GameData.xcdatamodel */ = {isa = PBXFileReference; lastKnownFileType = wrapper.xcdatamodel; path = GameData.xcdatamodel; sourceTree = "<group>"; };
		464192BF2B8375330098F746 /* PeggleClone.app */ = {isa = PBXFileReference; explicitFileType = wrapper.application; includeInIndex = 0; path = PeggleClone.app; sourceTree = BUILT_PRODUCTS_DIR; };
		464192C22B8375330098F746 /* PeggleCloneApp.swift */ = {isa = PBXFileReference; lastKnownFileType = sourcecode.swift; path = PeggleCloneApp.swift; sourceTree = "<group>"; };
		464192C62B8375340098F746 /* Assets.xcassets */ = {isa = PBXFileReference; lastKnownFileType = folder.assetcatalog; path = Assets.xcassets; sourceTree = "<group>"; };
		464192C92B8375340098F746 /* Preview Assets.xcassets */ = {isa = PBXFileReference; lastKnownFileType = folder.assetcatalog; path = "Preview Assets.xcassets"; sourceTree = "<group>"; };
		464192CF2B8375340098F746 /* PeggleCloneTests.xctest */ = {isa = PBXFileReference; explicitFileType = wrapper.cfbundle; includeInIndex = 0; path = PeggleCloneTests.xctest; sourceTree = BUILT_PRODUCTS_DIR; };
		464192D32B8375340098F746 /* PeggleCloneTests.swift */ = {isa = PBXFileReference; lastKnownFileType = sourcecode.swift; path = PeggleCloneTests.swift; sourceTree = "<group>"; };
		464B06A92B89D14100DD1A95 /* MainView.swift */ = {isa = PBXFileReference; lastKnownFileType = sourcecode.swift; path = MainView.swift; sourceTree = "<group>"; };
		464B06AB2B89E09900DD1A95 /* LevelSelectorView.swift */ = {isa = PBXFileReference; lastKnownFileType = sourcecode.swift; path = LevelSelectorView.swift; sourceTree = "<group>"; };
		464B06AD2B8A39FD00DD1A95 /* LevelSelectorViewModel.swift */ = {isa = PBXFileReference; lastKnownFileType = sourcecode.swift; path = LevelSelectorViewModel.swift; sourceTree = "<group>"; };
		464B06AF2B8AE59E00DD1A95 /* Block.swift */ = {isa = PBXFileReference; lastKnownFileType = sourcecode.swift; path = Block.swift; sourceTree = "<group>"; };
		466371452B91CBC900230A87 /* Utils.swift */ = {isa = PBXFileReference; lastKnownFileType = sourcecode.swift; path = Utils.swift; sourceTree = "<group>"; };
		4698C5132B90A5BE00BB396B /* PegGameObject.swift */ = {isa = PBXFileReference; lastKnownFileType = sourcecode.swift; path = PegGameObject.swift; sourceTree = "<group>"; };
		4698C5152B90A5E600BB396B /* NormalPegGameObject.swift */ = {isa = PBXFileReference; lastKnownFileType = sourcecode.swift; path = NormalPegGameObject.swift; sourceTree = "<group>"; };
		4698C5172B90A71B00BB396B /* GoalPegGameObject.swift */ = {isa = PBXFileReference; lastKnownFileType = sourcecode.swift; path = GoalPegGameObject.swift; sourceTree = "<group>"; };
		4698C5192B90A7D700BB396B /* KaboomPegGameObject.swift */ = {isa = PBXFileReference; lastKnownFileType = sourcecode.swift; path = KaboomPegGameObject.swift; sourceTree = "<group>"; };
		4698C51B2B90A8DF00BB396B /* SpookyPegGameObject.swift */ = {isa = PBXFileReference; lastKnownFileType = sourcecode.swift; path = SpookyPegGameObject.swift; sourceTree = "<group>"; };
		4698C51D2B90A90500BB396B /* StubbornPegGameObject.swift */ = {isa = PBXFileReference; lastKnownFileType = sourcecode.swift; path = StubbornPegGameObject.swift; sourceTree = "<group>"; };
		4698C51F2B90A93900BB396B /* HealthPegGameObject.swift */ = {isa = PBXFileReference; lastKnownFileType = sourcecode.swift; path = HealthPegGameObject.swift; sourceTree = "<group>"; };
		469C636D2B8F69EE005A3896 /* PreloaderDelegate.swift */ = {isa = PBXFileReference; lastKnownFileType = sourcecode.swift; path = PreloaderDelegate.swift; sourceTree = "<group>"; };
		46E5A3662B91F00600B255BC /* Sound.swift */ = {isa = PBXFileReference; lastKnownFileType = sourcecode.swift; path = Sound.swift; sourceTree = "<group>"; };
		46E5A3682B91F00D00B255BC /* SoundManager.swift */ = {isa = PBXFileReference; lastKnownFileType = sourcecode.swift; path = SoundManager.swift; sourceTree = "<group>"; };
		46E5A36C2B921C7600B255BC /* hitstubborn.mp3 */ = {isa = PBXFileReference; lastKnownFileType = audio.mp3; path = hitstubborn.mp3; sourceTree = "<group>"; };
		46E5A36D2B921C7600B255BC /* spooky.mp3 */ = {isa = PBXFileReference; lastKnownFileType = audio.mp3; path = spooky.mp3; sourceTree = "<group>"; };
		46E5A36E2B921C7600B255BC /* score.mp3 */ = {isa = PBXFileReference; lastKnownFileType = audio.mp3; path = score.mp3; sourceTree = "<group>"; };
		46E5A36F2B921C7600B255BC /* lose.mp3 */ = {isa = PBXFileReference; lastKnownFileType = audio.mp3; path = lose.mp3; sourceTree = "<group>"; };
		46E5A3702B921C7600B255BC /* hitpeg.mp3 */ = {isa = PBXFileReference; lastKnownFileType = audio.mp3; path = hitpeg.mp3; sourceTree = "<group>"; };
		46E5A3712B921C7600B255BC /* cannon.mp3 */ = {isa = PBXFileReference; lastKnownFileType = audio.mp3; path = cannon.mp3; sourceTree = "<group>"; };
		46E5A3722B921C7600B255BC /* hitblock.mp3 */ = {isa = PBXFileReference; lastKnownFileType = audio.mp3; path = hitblock.mp3; sourceTree = "<group>"; };
		46E5A3732B921C7600B255BC /* game.mp3 */ = {isa = PBXFileReference; lastKnownFileType = audio.mp3; path = game.mp3; sourceTree = "<group>"; };
		46E5A3742B921C7600B255BC /* click.mp3 */ = {isa = PBXFileReference; lastKnownFileType = audio.mp3; path = click.mp3; sourceTree = "<group>"; };
		46E5A3752B921C7600B255BC /* hitwall.mp3 */ = {isa = PBXFileReference; lastKnownFileType = audio.mp3; path = hitwall.mp3; sourceTree = "<group>"; };
		46E5A3762B921C7600B255BC /* rotate.mp3 */ = {isa = PBXFileReference; lastKnownFileType = audio.mp3; path = rotate.mp3; sourceTree = "<group>"; };
		46E5A3772B921C7600B255BC /* win.mp3 */ = {isa = PBXFileReference; lastKnownFileType = audio.mp3; path = win.mp3; sourceTree = "<group>"; };
		46E5A3782B921C7600B255BC /* boom.mp3 */ = {isa = PBXFileReference; lastKnownFileType = audio.mp3; path = boom.mp3; sourceTree = "<group>"; };
		46E5A3792B921C7600B255BC /* main.mp3 */ = {isa = PBXFileReference; lastKnownFileType = audio.mp3; path = main.mp3; sourceTree = "<group>"; };
		46E5A37A2B921C7600B255BC /* hitbucket.mp3 */ = {isa = PBXFileReference; lastKnownFileType = audio.mp3; path = hitbucket.mp3; sourceTree = "<group>"; };
		46F4BAAB2B837A0C00890223 /* Gameboard.swift */ = {isa = PBXFileReference; lastKnownFileType = sourcecode.swift; path = Gameboard.swift; sourceTree = "<group>"; };
		46F4BAAD2B837A2700890223 /* Peg.swift */ = {isa = PBXFileReference; lastKnownFileType = sourcecode.swift; path = Peg.swift; sourceTree = "<group>"; };
		46F4BAAF2B837A5500890223 /* CoreDataManager.swift */ = {isa = PBXFileReference; lastKnownFileType = sourcecode.swift; path = CoreDataManager.swift; sourceTree = "<group>"; };
		46F4BAB32B837AB000890223 /* LevelDesignerViewModel.swift */ = {isa = PBXFileReference; lastKnownFileType = sourcecode.swift; path = LevelDesignerViewModel.swift; sourceTree = "<group>"; };
		46F4BAB62B837AF400890223 /* LevelDesignerActionButtonsView.swift */ = {isa = PBXFileReference; lastKnownFileType = sourcecode.swift; path = LevelDesignerActionButtonsView.swift; sourceTree = "<group>"; };
		46F4BAB82B837B1B00890223 /* LevelDesignerBoardView.swift */ = {isa = PBXFileReference; lastKnownFileType = sourcecode.swift; path = LevelDesignerBoardView.swift; sourceTree = "<group>"; };
		46F4BABA2B837B3100890223 /* LevelDesignerView.swift */ = {isa = PBXFileReference; lastKnownFileType = sourcecode.swift; path = LevelDesignerView.swift; sourceTree = "<group>"; };
		46F92F362B8C2E0700E81B79 /* BlockGameObject.swift */ = {isa = PBXFileReference; lastKnownFileType = sourcecode.swift; path = BlockGameObject.swift; sourceTree = "<group>"; };
		46F92F382B8C352400E81B79 /* RectPhysicsObject.swift */ = {isa = PBXFileReference; lastKnownFileType = sourcecode.swift; path = RectPhysicsObject.swift; sourceTree = "<group>"; };
		46F92F3A2B8C3AE000E81B79 /* BlockCoreDataTranslator.swift */ = {isa = PBXFileReference; lastKnownFileType = sourcecode.swift; path = BlockCoreDataTranslator.swift; sourceTree = "<group>"; };
		46F92F3E2B8DBE6200E81B79 /* BucketGameObject.swift */ = {isa = PBXFileReference; lastKnownFileType = sourcecode.swift; path = BucketGameObject.swift; sourceTree = "<group>"; };
		46F92F412B8DF6E600E81B79 /* Kaboom.swift */ = {isa = PBXFileReference; lastKnownFileType = sourcecode.swift; path = Kaboom.swift; sourceTree = "<group>"; };
		46F92F432B8DF6F500E81B79 /* Spooky.swift */ = {isa = PBXFileReference; lastKnownFileType = sourcecode.swift; path = Spooky.swift; sourceTree = "<group>"; };
		46F92F452B8DFD0400E81B79 /* PowerUp.swift */ = {isa = PBXFileReference; lastKnownFileType = sourcecode.swift; path = PowerUp.swift; sourceTree = "<group>"; };
/* End PBXFileReference section */

/* Begin PBXFrameworksBuildPhase section */
		464192BC2B8375330098F746 /* Frameworks */ = {
			isa = PBXFrameworksBuildPhase;
			buildActionMask = 2147483647;
			files = (
			);
			runOnlyForDeploymentPostprocessing = 0;
		};
		464192CC2B8375340098F746 /* Frameworks */ = {
			isa = PBXFrameworksBuildPhase;
			buildActionMask = 2147483647;
			files = (
			);
			runOnlyForDeploymentPostprocessing = 0;
		};
/* End PBXFrameworksBuildPhase section */

/* Begin PBXGroup section */
		4628454B2B888FA6003E40D8 /* Game */ = {
			isa = PBXGroup;
			children = (
				4628454C2B888FB6003E40D8 /* GameView.swift */,
				464B06AB2B89E09900DD1A95 /* LevelSelectorView.swift */,
			);
			path = Game;
			sourceTree = "<group>";
		};
		462845542B88908D003E40D8 /* GameObjects */ = {
			isa = PBXGroup;
			children = (
				462845552B88909F003E40D8 /* BallGameObject.swift */,
				46F92F362B8C2E0700E81B79 /* BlockGameObject.swift */,
				46F92F3E2B8DBE6200E81B79 /* BucketGameObject.swift */,
			);
			path = GameObjects;
			sourceTree = "<group>";
		};
		4628455B2B889127003E40D8 /* PhysicsObjects */ = {
			isa = PBXGroup;
			children = (
				4628455C2B88913E003E40D8 /* PhysicsObject.swift */,
				4628455E2B889150003E40D8 /* CirclePhysicsObject.swift */,
				462845602B889161003E40D8 /* LinePhysicsObject.swift */,
				46F92F382B8C352400E81B79 /* RectPhysicsObject.swift */,
			);
			path = PhysicsObjects;
			sourceTree = "<group>";
		};
		462845622B889171003E40D8 /* Delegates */ = {
			isa = PBXGroup;
			children = (
				462845632B8891A3003E40D8 /* CollisionDelegate.swift */,
				462845652B8891CE003E40D8 /* IntersectorDelegate.swift */,
			);
			path = Delegates;
			sourceTree = "<group>";
		};
		464192B62B8375330098F746 = {
			isa = PBXGroup;
			children = (
				464192C12B8375330098F746 /* PeggleClone */,
				464192D22B8375340098F746 /* PeggleCloneTests */,
				464192C02B8375330098F746 /* Products */,
			);
			sourceTree = "<group>";
		};
		464192C02B8375330098F746 /* Products */ = {
			isa = PBXGroup;
			children = (
				464192BF2B8375330098F746 /* PeggleClone.app */,
				464192CF2B8375340098F746 /* PeggleCloneTests.xctest */,
			);
			name = Products;
			sourceTree = "<group>";
		};
		464192C12B8375330098F746 /* PeggleClone */ = {
			isa = PBXGroup;
			children = (
				46E5A3462B91EFA200B255BC /* SoundManager */,
				46F4BAAA2B8379DB00890223 /* Utils */,
				46F4BAA92B8379B800890223 /* PhysicsEngine */,
				46F4BAA82B83799F00890223 /* GameEngine */,
				46F4BAA72B83796D00890223 /* Views */,
				46F4BAA62B83796400890223 /* ViewModels */,
				46F4BAA52B83795800890223 /* Models */,
				46F4BAA42B83794F00890223 /* CoreData */,
				464192C22B8375330098F746 /* PeggleCloneApp.swift */,
				464192C62B8375340098F746 /* Assets.xcassets */,
				464192C82B8375340098F746 /* Preview Content */,
			);
			path = PeggleClone;
			sourceTree = "<group>";
		};
		464192C82B8375340098F746 /* Preview Content */ = {
			isa = PBXGroup;
			children = (
				464192C92B8375340098F746 /* Preview Assets.xcassets */,
			);
			path = "Preview Content";
			sourceTree = "<group>";
		};
		464192D22B8375340098F746 /* PeggleCloneTests */ = {
			isa = PBXGroup;
			children = (
				464192D32B8375340098F746 /* PeggleCloneTests.swift */,
			);
			path = PeggleCloneTests;
			sourceTree = "<group>";
		};
		4698C5122B90A59100BB396B /* GamePegs */ = {
			isa = PBXGroup;
			children = (
				4698C5132B90A5BE00BB396B /* PegGameObject.swift */,
				4698C5152B90A5E600BB396B /* NormalPegGameObject.swift */,
				4698C5172B90A71B00BB396B /* GoalPegGameObject.swift */,
				4698C5192B90A7D700BB396B /* KaboomPegGameObject.swift */,
				4698C51B2B90A8DF00BB396B /* SpookyPegGameObject.swift */,
				4698C51D2B90A90500BB396B /* StubbornPegGameObject.swift */,
				4698C51F2B90A93900BB396B /* HealthPegGameObject.swift */,
			);
			path = GamePegs;
			sourceTree = "<group>";
		};
		46E5A3462B91EFA200B255BC /* SoundManager */ = {
			isa = PBXGroup;
			children = (
				46E5A3472B91EFEB00B255BC /* Sounds */,
				46E5A3662B91F00600B255BC /* Sound.swift */,
				46E5A3682B91F00D00B255BC /* SoundManager.swift */,
			);
			path = SoundManager;
			sourceTree = "<group>";
		};
		46E5A3472B91EFEB00B255BC /* Sounds */ = {
			isa = PBXGroup;
			children = (
				46E5A3782B921C7600B255BC /* boom.mp3 */,
				46E5A3712B921C7600B255BC /* cannon.mp3 */,
				46E5A3742B921C7600B255BC /* click.mp3 */,
				46E5A3732B921C7600B255BC /* game.mp3 */,
				46E5A3722B921C7600B255BC /* hitblock.mp3 */,
				46E5A37A2B921C7600B255BC /* hitbucket.mp3 */,
				46E5A3702B921C7600B255BC /* hitpeg.mp3 */,
				46E5A36C2B921C7600B255BC /* hitstubborn.mp3 */,
				46E5A3752B921C7600B255BC /* hitwall.mp3 */,
				46E5A36F2B921C7600B255BC /* lose.mp3 */,
				46E5A3792B921C7600B255BC /* main.mp3 */,
				46E5A3762B921C7600B255BC /* rotate.mp3 */,
				46E5A36E2B921C7600B255BC /* score.mp3 */,
				46E5A36D2B921C7600B255BC /* spooky.mp3 */,
				46E5A3772B921C7600B255BC /* win.mp3 */,
			);
			path = Sounds;
			sourceTree = "<group>";
		};
		46F4BAA42B83794F00890223 /* CoreData */ = {
			isa = PBXGroup;
			children = (
				46F4BAAF2B837A5500890223 /* CoreDataManager.swift */,
				462845412B8839A4003E40D8 /* GameboardCoreDataTranslator.swift */,
				462845432B883A3A003E40D8 /* PegCoreDataTranslator.swift */,
				46F92F3A2B8C3AE000E81B79 /* BlockCoreDataTranslator.swift */,
				462845692B891BB1003E40D8 /* GameData.xcdatamodeld */,
			);
			path = CoreData;
			sourceTree = "<group>";
		};
		46F4BAA52B83795800890223 /* Models */ = {
			isa = PBXGroup;
			children = (
				46F4BAAB2B837A0C00890223 /* Gameboard.swift */,
				46F4BAAD2B837A2700890223 /* Peg.swift */,
				464B06AF2B8AE59E00DD1A95 /* Block.swift */,
			);
			path = Models;
			sourceTree = "<group>";
		};
		46F4BAA62B83796400890223 /* ViewModels */ = {
			isa = PBXGroup;
			children = (
				46F4BAB22B837A9900890223 /* LevelDesigner */,
				46F4BAB12B837A9200890223 /* Game */,
			);
			path = ViewModels;
			sourceTree = "<group>";
		};
		46F4BAA72B83796D00890223 /* Views */ = {
			isa = PBXGroup;
			children = (
				4628454B2B888FA6003E40D8 /* Game */,
				46F4BAB52B837AC100890223 /* LevelDesigner */,
				464B06A92B89D14100DD1A95 /* MainView.swift */,
			);
			path = Views;
			sourceTree = "<group>";
		};
		46F4BAA82B83799F00890223 /* GameEngine */ = {
			isa = PBXGroup;
			children = (
				4698C5122B90A59100BB396B /* GamePegs */,
				46F92F402B8DF6CB00E81B79 /* PowerUps */,
				462845542B88908D003E40D8 /* GameObjects */,
				462845522B889080003E40D8 /* GameEngine.swift */,
			);
			path = GameEngine;
			sourceTree = "<group>";
		};
		46F4BAA92B8379B800890223 /* PhysicsEngine */ = {
			isa = PBXGroup;
			children = (
				462845622B889171003E40D8 /* Delegates */,
				4628455B2B889127003E40D8 /* PhysicsObjects */,
				462845592B889106003E40D8 /* PhysicsEngine.swift */,
			);
			path = PhysicsEngine;
			sourceTree = "<group>";
		};
		46F4BAAA2B8379DB00890223 /* Utils */ = {
			isa = PBXGroup;
			children = (
				462845452B884872003E40D8 /* PegType.swift */,
				466371452B91CBC900230A87 /* Utils.swift */,
			);
			path = Utils;
			sourceTree = "<group>";
		};
		46F4BAB12B837A9200890223 /* Game */ = {
			isa = PBXGroup;
			children = (
				462845502B889050003E40D8 /* GameViewModel.swift */,
				464B06AD2B8A39FD00DD1A95 /* LevelSelectorViewModel.swift */,
			);
			path = Game;
			sourceTree = "<group>";
		};
		46F4BAB22B837A9900890223 /* LevelDesigner */ = {
			isa = PBXGroup;
			children = (
				46F4BAB32B837AB000890223 /* LevelDesignerViewModel.swift */,
				4628453F2B883561003E40D8 /* GameboardCoreDataDelegate.swift */,
				462845492B886DCF003E40D8 /* LevelDesignerValidatorDelegate.swift */,
				469C636D2B8F69EE005A3896 /* PreloaderDelegate.swift */,
			);
			path = LevelDesigner;
			sourceTree = "<group>";
		};
		46F4BAB52B837AC100890223 /* LevelDesigner */ = {
			isa = PBXGroup;
			children = (
				46F4BAB62B837AF400890223 /* LevelDesignerActionButtonsView.swift */,
				46F4BAB82B837B1B00890223 /* LevelDesignerBoardView.swift */,
				46F4BABA2B837B3100890223 /* LevelDesignerView.swift */,
			);
			path = LevelDesigner;
			sourceTree = "<group>";
		};
		46F92F402B8DF6CB00E81B79 /* PowerUps */ = {
			isa = PBXGroup;
			children = (
				46F92F412B8DF6E600E81B79 /* Kaboom.swift */,
				46F92F432B8DF6F500E81B79 /* Spooky.swift */,
				46F92F452B8DFD0400E81B79 /* PowerUp.swift */,
			);
			path = PowerUps;
			sourceTree = "<group>";
		};
/* End PBXGroup section */

/* Begin PBXNativeTarget section */
		464192BE2B8375330098F746 /* PeggleClone */ = {
			isa = PBXNativeTarget;
			buildConfigurationList = 464192E32B8375340098F746 /* Build configuration list for PBXNativeTarget "PeggleClone" */;
			buildPhases = (
				464192BB2B8375330098F746 /* Sources */,
				464192BC2B8375330098F746 /* Frameworks */,
				464192BD2B8375330098F746 /* Resources */,
				464192EC2B8376330098F746 /* ShellScript */,
			);
			buildRules = (
			);
			dependencies = (
			);
			name = PeggleClone;
			productName = PeggleClone;
			productReference = 464192BF2B8375330098F746 /* PeggleClone.app */;
			productType = "com.apple.product-type.application";
		};
		464192CE2B8375340098F746 /* PeggleCloneTests */ = {
			isa = PBXNativeTarget;
			buildConfigurationList = 464192E62B8375340098F746 /* Build configuration list for PBXNativeTarget "PeggleCloneTests" */;
			buildPhases = (
				464192CB2B8375340098F746 /* Sources */,
				464192CC2B8375340098F746 /* Frameworks */,
				464192CD2B8375340098F746 /* Resources */,
			);
			buildRules = (
			);
			dependencies = (
				464192D12B8375340098F746 /* PBXTargetDependency */,
			);
			name = PeggleCloneTests;
			productName = PeggleCloneTests;
			productReference = 464192CF2B8375340098F746 /* PeggleCloneTests.xctest */;
			productType = "com.apple.product-type.bundle.unit-test";
		};
/* End PBXNativeTarget section */

/* Begin PBXProject section */
		464192B72B8375330098F746 /* Project object */ = {
			isa = PBXProject;
			attributes = {
				BuildIndependentTargetsInParallel = 1;
				LastSwiftUpdateCheck = 1510;
				LastUpgradeCheck = 1510;
				TargetAttributes = {
					464192BE2B8375330098F746 = {
						CreatedOnToolsVersion = 15.1;
					};
					464192CE2B8375340098F746 = {
						CreatedOnToolsVersion = 15.1;
						TestTargetID = 464192BE2B8375330098F746;
					};
				};
			};
			buildConfigurationList = 464192BA2B8375330098F746 /* Build configuration list for PBXProject "PeggleClone" */;
			compatibilityVersion = "Xcode 14.0";
			developmentRegion = en;
			hasScannedForEncodings = 0;
			knownRegions = (
				en,
				Base,
			);
			mainGroup = 464192B62B8375330098F746;
			productRefGroup = 464192C02B8375330098F746 /* Products */;
			projectDirPath = "";
			projectRoot = "";
			targets = (
				464192BE2B8375330098F746 /* PeggleClone */,
				464192CE2B8375340098F746 /* PeggleCloneTests */,
			);
		};
/* End PBXProject section */

/* Begin PBXResourcesBuildPhase section */
		464192BD2B8375330098F746 /* Resources */ = {
			isa = PBXResourcesBuildPhase;
			buildActionMask = 2147483647;
			files = (
				464192CA2B8375340098F746 /* Preview Assets.xcassets in Resources */,
				46E5A3832B921C7600B255BC /* click.mp3 in Resources */,
				464192C72B8375340098F746 /* Assets.xcassets in Resources */,
				46E5A37C2B921C7600B255BC /* spooky.mp3 in Resources */,
				46E5A3822B921C7600B255BC /* game.mp3 in Resources */,
				46E5A37D2B921C7600B255BC /* score.mp3 in Resources */,
				46E5A3872B921C7600B255BC /* boom.mp3 in Resources */,
				46E5A37B2B921C7600B255BC /* hitstubborn.mp3 in Resources */,
				46E5A3892B921C7600B255BC /* hitbucket.mp3 in Resources */,
				46E5A37E2B921C7600B255BC /* lose.mp3 in Resources */,
				46E5A3802B921C7600B255BC /* cannon.mp3 in Resources */,
				46E5A37F2B921C7600B255BC /* hitpeg.mp3 in Resources */,
				46E5A3842B921C7600B255BC /* hitwall.mp3 in Resources */,
				46E5A3862B921C7600B255BC /* win.mp3 in Resources */,
				46E5A3812B921C7600B255BC /* hitblock.mp3 in Resources */,
				46E5A3882B921C7600B255BC /* main.mp3 in Resources */,
				46E5A3852B921C7600B255BC /* rotate.mp3 in Resources */,
			);
			runOnlyForDeploymentPostprocessing = 0;
		};
		464192CD2B8375340098F746 /* Resources */ = {
			isa = PBXResourcesBuildPhase;
			buildActionMask = 2147483647;
			files = (
			);
			runOnlyForDeploymentPostprocessing = 0;
		};
/* End PBXResourcesBuildPhase section */

/* Begin PBXShellScriptBuildPhase section */
		464192EC2B8376330098F746 /* ShellScript */ = {
			isa = PBXShellScriptBuildPhase;
			buildActionMask = 2147483647;
			files = (
			);
			inputFileListPaths = (
			);
			inputPaths = (
			);
			outputFileListPaths = (
			);
			outputPaths = (
			);
			runOnlyForDeploymentPostprocessing = 0;
			shellPath = /bin/sh;
			shellScript = "# Type a script or drag a script file from your workspace to insert its path.\nif [[ \"$(uname -m)\" == arm64 ]]; then\n    export PATH=\"/opt/homebrew/bin:$PATH\"\nfi\n\nif which swiftlint > /dev/null; then\n  swiftlint --config ../swiftlint.yml\nelse\n  echo \"warning: SwiftLint not installed, download from https://github.com/realm/SwiftLint\"\nfi\n";
		};
/* End PBXShellScriptBuildPhase section */

/* Begin PBXSourcesBuildPhase section */
		464192BB2B8375330098F746 /* Sources */ = {
			isa = PBXSourcesBuildPhase;
			buildActionMask = 2147483647;
			files = (
				462845422B8839A4003E40D8 /* GameboardCoreDataTranslator.swift in Sources */,
				46F92F442B8DF6F500E81B79 /* Spooky.swift in Sources */,
				462845532B889080003E40D8 /* GameEngine.swift in Sources */,
				462845402B883561003E40D8 /* GameboardCoreDataDelegate.swift in Sources */,
				46F4BAAE2B837A2700890223 /* Peg.swift in Sources */,
				4628454A2B886DCF003E40D8 /* LevelDesignerValidatorDelegate.swift in Sources */,
				4698C51E2B90A90500BB396B /* StubbornPegGameObject.swift in Sources */,
				466371462B91CBC900230A87 /* Utils.swift in Sources */,
				4698C51A2B90A7D700BB396B /* KaboomPegGameObject.swift in Sources */,
				462845512B889050003E40D8 /* GameViewModel.swift in Sources */,
				46F92F3B2B8C3AE000E81B79 /* BlockCoreDataTranslator.swift in Sources */,
				4698C5162B90A5E600BB396B /* NormalPegGameObject.swift in Sources */,
				4628454D2B888FB6003E40D8 /* GameView.swift in Sources */,
				46E5A3692B91F00D00B255BC /* SoundManager.swift in Sources */,
				4698C51C2B90A8DF00BB396B /* SpookyPegGameObject.swift in Sources */,
				46F4BAB92B837B1B00890223 /* LevelDesignerBoardView.swift in Sources */,
				462845462B884872003E40D8 /* PegType.swift in Sources */,
				46F4BAB42B837AB000890223 /* LevelDesignerViewModel.swift in Sources */,
				4628455D2B88913E003E40D8 /* PhysicsObject.swift in Sources */,
				46F4BAB72B837AF400890223 /* LevelDesignerActionButtonsView.swift in Sources */,
				46F4BAAC2B837A0C00890223 /* Gameboard.swift in Sources */,
				46F92F372B8C2E0700E81B79 /* BlockGameObject.swift in Sources */,
				464B06AC2B89E09900DD1A95 /* LevelSelectorView.swift in Sources */,
				46F92F462B8DFD0400E81B79 /* PowerUp.swift in Sources */,
				462845612B889161003E40D8 /* LinePhysicsObject.swift in Sources */,
				462845442B883A3A003E40D8 /* PegCoreDataTranslator.swift in Sources */,
				46E5A3672B91F00600B255BC /* Sound.swift in Sources */,
				462845662B8891CE003E40D8 /* IntersectorDelegate.swift in Sources */,
				46F4BAB02B837A5500890223 /* CoreDataManager.swift in Sources */,
				464B06AA2B89D14100DD1A95 /* MainView.swift in Sources */,
				46F92F422B8DF6E600E81B79 /* Kaboom.swift in Sources */,
				4698C5182B90A71B00BB396B /* GoalPegGameObject.swift in Sources */,
				462845562B88909F003E40D8 /* BallGameObject.swift in Sources */,
				4698C5202B90A93900BB396B /* HealthPegGameObject.swift in Sources */,
				462845642B8891A3003E40D8 /* CollisionDelegate.swift in Sources */,
				46F92F392B8C352400E81B79 /* RectPhysicsObject.swift in Sources */,
				469C636E2B8F69EE005A3896 /* PreloaderDelegate.swift in Sources */,
				464B06AE2B8A39FD00DD1A95 /* LevelSelectorViewModel.swift in Sources */,
				4628455F2B889150003E40D8 /* CirclePhysicsObject.swift in Sources */,
				4698C5142B90A5BE00BB396B /* PegGameObject.swift in Sources */,
				46F4BABB2B837B3100890223 /* LevelDesignerView.swift in Sources */,
				46F92F3F2B8DBE6200E81B79 /* BucketGameObject.swift in Sources */,
				4628456B2B891BB1003E40D8 /* GameData.xcdatamodeld in Sources */,
				464B06B02B8AE59E00DD1A95 /* Block.swift in Sources */,
				464192C32B8375330098F746 /* PeggleCloneApp.swift in Sources */,
				4628455A2B889106003E40D8 /* PhysicsEngine.swift in Sources */,
			);
			runOnlyForDeploymentPostprocessing = 0;
		};
		464192CB2B8375340098F746 /* Sources */ = {
			isa = PBXSourcesBuildPhase;
			buildActionMask = 2147483647;
			files = (
				464192D42B8375340098F746 /* PeggleCloneTests.swift in Sources */,
			);
			runOnlyForDeploymentPostprocessing = 0;
		};
/* End PBXSourcesBuildPhase section */

/* Begin PBXTargetDependency section */
		464192D12B8375340098F746 /* PBXTargetDependency */ = {
			isa = PBXTargetDependency;
			target = 464192BE2B8375330098F746 /* PeggleClone */;
			targetProxy = 464192D02B8375340098F746 /* PBXContainerItemProxy */;
		};
/* End PBXTargetDependency section */

/* Begin XCBuildConfiguration section */
		464192E12B8375340098F746 /* Debug */ = {
			isa = XCBuildConfiguration;
			buildSettings = {
				ALWAYS_SEARCH_USER_PATHS = NO;
				ASSETCATALOG_COMPILER_GENERATE_SWIFT_ASSET_SYMBOL_EXTENSIONS = YES;
				CLANG_ANALYZER_NONNULL = YES;
				CLANG_ANALYZER_NUMBER_OBJECT_CONVERSION = YES_AGGRESSIVE;
				CLANG_CXX_LANGUAGE_STANDARD = "gnu++20";
				CLANG_ENABLE_MODULES = YES;
				CLANG_ENABLE_OBJC_ARC = YES;
				CLANG_ENABLE_OBJC_WEAK = YES;
				CLANG_WARN_BLOCK_CAPTURE_AUTORELEASING = YES;
				CLANG_WARN_BOOL_CONVERSION = YES;
				CLANG_WARN_COMMA = YES;
				CLANG_WARN_CONSTANT_CONVERSION = YES;
				CLANG_WARN_DEPRECATED_OBJC_IMPLEMENTATIONS = YES;
				CLANG_WARN_DIRECT_OBJC_ISA_USAGE = YES_ERROR;
				CLANG_WARN_DOCUMENTATION_COMMENTS = YES;
				CLANG_WARN_EMPTY_BODY = YES;
				CLANG_WARN_ENUM_CONVERSION = YES;
				CLANG_WARN_INFINITE_RECURSION = YES;
				CLANG_WARN_INT_CONVERSION = YES;
				CLANG_WARN_NON_LITERAL_NULL_CONVERSION = YES;
				CLANG_WARN_OBJC_IMPLICIT_RETAIN_SELF = YES;
				CLANG_WARN_OBJC_LITERAL_CONVERSION = YES;
				CLANG_WARN_OBJC_ROOT_CLASS = YES_ERROR;
				CLANG_WARN_QUOTED_INCLUDE_IN_FRAMEWORK_HEADER = YES;
				CLANG_WARN_RANGE_LOOP_ANALYSIS = YES;
				CLANG_WARN_STRICT_PROTOTYPES = YES;
				CLANG_WARN_SUSPICIOUS_MOVE = YES;
				CLANG_WARN_UNGUARDED_AVAILABILITY = YES_AGGRESSIVE;
				CLANG_WARN_UNREACHABLE_CODE = YES;
				CLANG_WARN__DUPLICATE_METHOD_MATCH = YES;
				COPY_PHASE_STRIP = NO;
				DEBUG_INFORMATION_FORMAT = dwarf;
				ENABLE_STRICT_OBJC_MSGSEND = YES;
				ENABLE_TESTABILITY = YES;
				ENABLE_USER_SCRIPT_SANDBOXING = NO;
				GCC_C_LANGUAGE_STANDARD = gnu17;
				GCC_DYNAMIC_NO_PIC = NO;
				GCC_NO_COMMON_BLOCKS = YES;
				GCC_OPTIMIZATION_LEVEL = 0;
				GCC_PREPROCESSOR_DEFINITIONS = (
					"DEBUG=1",
					"$(inherited)",
				);
				GCC_WARN_64_TO_32_BIT_CONVERSION = YES;
				GCC_WARN_ABOUT_RETURN_TYPE = YES_ERROR;
				GCC_WARN_UNDECLARED_SELECTOR = YES;
				GCC_WARN_UNINITIALIZED_AUTOS = YES_AGGRESSIVE;
				GCC_WARN_UNUSED_FUNCTION = YES;
				GCC_WARN_UNUSED_VARIABLE = YES;
				IPHONEOS_DEPLOYMENT_TARGET = 17.2;
				LOCALIZATION_PREFERS_STRING_CATALOGS = YES;
				MTL_ENABLE_DEBUG_INFO = INCLUDE_SOURCE;
				MTL_FAST_MATH = YES;
				ONLY_ACTIVE_ARCH = YES;
				SDKROOT = iphoneos;
				SWIFT_ACTIVE_COMPILATION_CONDITIONS = "DEBUG $(inherited)";
				SWIFT_OPTIMIZATION_LEVEL = "-Onone";
			};
			name = Debug;
		};
		464192E22B8375340098F746 /* Release */ = {
			isa = XCBuildConfiguration;
			buildSettings = {
				ALWAYS_SEARCH_USER_PATHS = NO;
				ASSETCATALOG_COMPILER_GENERATE_SWIFT_ASSET_SYMBOL_EXTENSIONS = YES;
				CLANG_ANALYZER_NONNULL = YES;
				CLANG_ANALYZER_NUMBER_OBJECT_CONVERSION = YES_AGGRESSIVE;
				CLANG_CXX_LANGUAGE_STANDARD = "gnu++20";
				CLANG_ENABLE_MODULES = YES;
				CLANG_ENABLE_OBJC_ARC = YES;
				CLANG_ENABLE_OBJC_WEAK = YES;
				CLANG_WARN_BLOCK_CAPTURE_AUTORELEASING = YES;
				CLANG_WARN_BOOL_CONVERSION = YES;
				CLANG_WARN_COMMA = YES;
				CLANG_WARN_CONSTANT_CONVERSION = YES;
				CLANG_WARN_DEPRECATED_OBJC_IMPLEMENTATIONS = YES;
				CLANG_WARN_DIRECT_OBJC_ISA_USAGE = YES_ERROR;
				CLANG_WARN_DOCUMENTATION_COMMENTS = YES;
				CLANG_WARN_EMPTY_BODY = YES;
				CLANG_WARN_ENUM_CONVERSION = YES;
				CLANG_WARN_INFINITE_RECURSION = YES;
				CLANG_WARN_INT_CONVERSION = YES;
				CLANG_WARN_NON_LITERAL_NULL_CONVERSION = YES;
				CLANG_WARN_OBJC_IMPLICIT_RETAIN_SELF = YES;
				CLANG_WARN_OBJC_LITERAL_CONVERSION = YES;
				CLANG_WARN_OBJC_ROOT_CLASS = YES_ERROR;
				CLANG_WARN_QUOTED_INCLUDE_IN_FRAMEWORK_HEADER = YES;
				CLANG_WARN_RANGE_LOOP_ANALYSIS = YES;
				CLANG_WARN_STRICT_PROTOTYPES = YES;
				CLANG_WARN_SUSPICIOUS_MOVE = YES;
				CLANG_WARN_UNGUARDED_AVAILABILITY = YES_AGGRESSIVE;
				CLANG_WARN_UNREACHABLE_CODE = YES;
				CLANG_WARN__DUPLICATE_METHOD_MATCH = YES;
				COPY_PHASE_STRIP = NO;
				DEBUG_INFORMATION_FORMAT = "dwarf-with-dsym";
				ENABLE_NS_ASSERTIONS = NO;
				ENABLE_STRICT_OBJC_MSGSEND = YES;
				ENABLE_USER_SCRIPT_SANDBOXING = NO;
				GCC_C_LANGUAGE_STANDARD = gnu17;
				GCC_NO_COMMON_BLOCKS = YES;
				GCC_WARN_64_TO_32_BIT_CONVERSION = YES;
				GCC_WARN_ABOUT_RETURN_TYPE = YES_ERROR;
				GCC_WARN_UNDECLARED_SELECTOR = YES;
				GCC_WARN_UNINITIALIZED_AUTOS = YES_AGGRESSIVE;
				GCC_WARN_UNUSED_FUNCTION = YES;
				GCC_WARN_UNUSED_VARIABLE = YES;
				IPHONEOS_DEPLOYMENT_TARGET = 17.2;
				LOCALIZATION_PREFERS_STRING_CATALOGS = YES;
				MTL_ENABLE_DEBUG_INFO = NO;
				MTL_FAST_MATH = YES;
				SDKROOT = iphoneos;
				SWIFT_COMPILATION_MODE = wholemodule;
				VALIDATE_PRODUCT = YES;
			};
			name = Release;
		};
		464192E42B8375340098F746 /* Debug */ = {
			isa = XCBuildConfiguration;
			buildSettings = {
				ASSETCATALOG_COMPILER_APPICON_NAME = AppIcon;
				ASSETCATALOG_COMPILER_GLOBAL_ACCENT_COLOR_NAME = AccentColor;
				CODE_SIGN_STYLE = Automatic;
				CURRENT_PROJECT_VERSION = 1;
				DEVELOPMENT_ASSET_PATHS = "\"PeggleClone/Preview Content\"";
				ENABLE_PREVIEWS = YES;
				ENABLE_USER_SCRIPT_SANDBOXING = NO;
				GENERATE_INFOPLIST_FILE = YES;
				INFOPLIST_KEY_UIApplicationSceneManifest_Generation = YES;
				INFOPLIST_KEY_UIApplicationSupportsIndirectInputEvents = YES;
				INFOPLIST_KEY_UILaunchScreen_Generation = YES;
				INFOPLIST_KEY_UISupportedInterfaceOrientations = "UIInterfaceOrientationLandscapeLeft UIInterfaceOrientationLandscapeRight UIInterfaceOrientationPortrait";
				INFOPLIST_KEY_UISupportedInterfaceOrientations_iPad = UIInterfaceOrientationPortrait;
				LD_RUNPATH_SEARCH_PATHS = (
					"$(inherited)",
					"@executable_path/Frameworks",
				);
				MARKETING_VERSION = 1.0;
				PRODUCT_BUNDLE_IDENTIFIER = com.HoJunHao2000.PeggleClone;
				PRODUCT_NAME = "$(TARGET_NAME)";
				SUPPORTED_PLATFORMS = "iphoneos iphonesimulator";
				SUPPORTS_MACCATALYST = NO;
				SUPPORTS_MAC_DESIGNED_FOR_IPHONE_IPAD = NO;
				SWIFT_EMIT_LOC_STRINGS = YES;
				SWIFT_VERSION = 5.0;
				TARGETED_DEVICE_FAMILY = 2;
			};
			name = Debug;
		};
		464192E52B8375340098F746 /* Release */ = {
			isa = XCBuildConfiguration;
			buildSettings = {
				ASSETCATALOG_COMPILER_APPICON_NAME = AppIcon;
				ASSETCATALOG_COMPILER_GLOBAL_ACCENT_COLOR_NAME = AccentColor;
				CODE_SIGN_STYLE = Automatic;
				CURRENT_PROJECT_VERSION = 1;
				DEVELOPMENT_ASSET_PATHS = "\"PeggleClone/Preview Content\"";
				ENABLE_PREVIEWS = YES;
				ENABLE_USER_SCRIPT_SANDBOXING = NO;
				GENERATE_INFOPLIST_FILE = YES;
				INFOPLIST_KEY_UIApplicationSceneManifest_Generation = YES;
				INFOPLIST_KEY_UIApplicationSupportsIndirectInputEvents = YES;
				INFOPLIST_KEY_UILaunchScreen_Generation = YES;
				INFOPLIST_KEY_UISupportedInterfaceOrientations = "UIInterfaceOrientationLandscapeLeft UIInterfaceOrientationLandscapeRight UIInterfaceOrientationPortrait";
				INFOPLIST_KEY_UISupportedInterfaceOrientations_iPad = UIInterfaceOrientationPortrait;
				LD_RUNPATH_SEARCH_PATHS = (
					"$(inherited)",
					"@executable_path/Frameworks",
				);
				MARKETING_VERSION = 1.0;
				PRODUCT_BUNDLE_IDENTIFIER = com.HoJunHao2000.PeggleClone;
				PRODUCT_NAME = "$(TARGET_NAME)";
				SUPPORTED_PLATFORMS = "iphoneos iphonesimulator";
				SUPPORTS_MACCATALYST = NO;
				SUPPORTS_MAC_DESIGNED_FOR_IPHONE_IPAD = NO;
				SWIFT_EMIT_LOC_STRINGS = YES;
				SWIFT_VERSION = 5.0;
				TARGETED_DEVICE_FAMILY = 2;
			};
			name = Release;
		};
		464192E72B8375340098F746 /* Debug */ = {
			isa = XCBuildConfiguration;
			buildSettings = {
				ALWAYS_EMBED_SWIFT_STANDARD_LIBRARIES = YES;
				BUNDLE_LOADER = "$(TEST_HOST)";
				CODE_SIGN_STYLE = Automatic;
				CURRENT_PROJECT_VERSION = 1;
				GENERATE_INFOPLIST_FILE = YES;
				IPHONEOS_DEPLOYMENT_TARGET = 17.2;
				MARKETING_VERSION = 1.0;
				PRODUCT_BUNDLE_IDENTIFIER = com.HoJunHao2000.PeggleCloneTests;
				PRODUCT_NAME = "$(TARGET_NAME)";
				SUPPORTED_PLATFORMS = "iphoneos iphonesimulator";
				SUPPORTS_MACCATALYST = NO;
				SUPPORTS_MAC_DESIGNED_FOR_IPHONE_IPAD = NO;
				SWIFT_EMIT_LOC_STRINGS = NO;
				SWIFT_VERSION = 5.0;
				TARGETED_DEVICE_FAMILY = 2;
				TEST_HOST = "$(BUILT_PRODUCTS_DIR)/PeggleClone.app/$(BUNDLE_EXECUTABLE_FOLDER_PATH)/PeggleClone";
			};
			name = Debug;
		};
		464192E82B8375340098F746 /* Release */ = {
			isa = XCBuildConfiguration;
			buildSettings = {
				ALWAYS_EMBED_SWIFT_STANDARD_LIBRARIES = YES;
				BUNDLE_LOADER = "$(TEST_HOST)";
				CODE_SIGN_STYLE = Automatic;
				CURRENT_PROJECT_VERSION = 1;
				GENERATE_INFOPLIST_FILE = YES;
				IPHONEOS_DEPLOYMENT_TARGET = 17.2;
				MARKETING_VERSION = 1.0;
				PRODUCT_BUNDLE_IDENTIFIER = com.HoJunHao2000.PeggleCloneTests;
				PRODUCT_NAME = "$(TARGET_NAME)";
				SUPPORTED_PLATFORMS = "iphoneos iphonesimulator";
				SUPPORTS_MACCATALYST = NO;
				SUPPORTS_MAC_DESIGNED_FOR_IPHONE_IPAD = NO;
				SWIFT_EMIT_LOC_STRINGS = NO;
				SWIFT_VERSION = 5.0;
				TARGETED_DEVICE_FAMILY = 2;
				TEST_HOST = "$(BUILT_PRODUCTS_DIR)/PeggleClone.app/$(BUNDLE_EXECUTABLE_FOLDER_PATH)/PeggleClone";
			};
			name = Release;
		};
/* End XCBuildConfiguration section */

/* Begin XCConfigurationList section */
		464192BA2B8375330098F746 /* Build configuration list for PBXProject "PeggleClone" */ = {
			isa = XCConfigurationList;
			buildConfigurations = (
				464192E12B8375340098F746 /* Debug */,
				464192E22B8375340098F746 /* Release */,
			);
			defaultConfigurationIsVisible = 0;
			defaultConfigurationName = Release;
		};
		464192E32B8375340098F746 /* Build configuration list for PBXNativeTarget "PeggleClone" */ = {
			isa = XCConfigurationList;
			buildConfigurations = (
				464192E42B8375340098F746 /* Debug */,
				464192E52B8375340098F746 /* Release */,
			);
			defaultConfigurationIsVisible = 0;
			defaultConfigurationName = Release;
		};
		464192E62B8375340098F746 /* Build configuration list for PBXNativeTarget "PeggleCloneTests" */ = {
			isa = XCConfigurationList;
			buildConfigurations = (
				464192E72B8375340098F746 /* Debug */,
				464192E82B8375340098F746 /* Release */,
			);
			defaultConfigurationIsVisible = 0;
			defaultConfigurationName = Release;
		};
/* End XCConfigurationList section */

/* Begin XCVersionGroup section */
		462845692B891BB1003E40D8 /* GameData.xcdatamodeld */ = {
			isa = XCVersionGroup;
			children = (
				4628456A2B891BB1003E40D8 /* GameData.xcdatamodel */,
			);
			currentVersion = 4628456A2B891BB1003E40D8 /* GameData.xcdatamodel */;
			path = GameData.xcdatamodeld;
			sourceTree = "<group>";
			versionGroupType = wrapper.xcdatamodel;
		};
/* End XCVersionGroup section */
	};
	rootObject = 464192B72B8375330098F746 /* Project object */;
}
